
Microsoft Visual Studio Solution File, Format Version 12.00
# Visual Studio Version 17
VisualStudioVersion = 17.6.33829.357
MinimumVisualStudioVersion = 10.0.40219.1
Project("{9A19103F-16F7-4668-BE54-9A1E7A4F7556}") = "PrivateChannel.Back", "PrivateChannel.Back\PrivateChannel.Back.csproj", "{AFB4604E-9AA0-4059-8198-7EBCBE00ACEE}"
EndProject
Project("{9A19103F-16F7-4668-BE54-9A1E7A4F7556}") = "PrivateChannel.Front", "PrivateChannel.Front\PrivateChannel.Front.csproj", "{12A11484-6F97-4020-85CB-B651129CC242}"
EndProject
Project("{FAE04EC0-301F-11D3-BF4B-00C04F79EFBC}") = "PrivateChannel.DataModel", "PrivateChannel.DataModel\PrivateChannel.DataModel.csproj", "{248F0187-E484-4555-82C1-E173B56655A6}"
EndProject
Global
	GlobalSection(SolutionConfigurationPlatforms) = preSolution
		Debug|Any CPU = Debug|Any CPU
		Release|Any CPU = Release|Any CPU
	EndGlobalSection
	GlobalSection(ProjectConfigurationPlatforms) = postSolution
		{AFB4604E-9AA0-4059-8198-7EBCBE00ACEE}.Debug|Any CPU.ActiveCfg = Debug|Any CPU
		{AFB4604E-9AA0-4059-8198-7EBCBE00ACEE}.Debug|Any CPU.Build.0 = Debug|Any CPU
		{AFB4604E-9AA0-4059-8198-7EBCBE00ACEE}.Release|Any CPU.ActiveCfg = Release|Any CPU
		{AFB4604E-9AA0-4059-8198-7EBCBE00ACEE}.Release|Any CPU.Build.0 = Release|Any CPU
		{12A11484-6F97-4020-85CB-B651129CC242}.Debug|Any CPU.ActiveCfg = Debug|Any CPU
		{12A11484-6F97-4020-85CB-B651129CC242}.Debug|Any CPU.Build.0 = Debug|Any CPU
		{12A11484-6F97-4020-85CB-B651129CC242}.Release|Any CPU.ActiveCfg = Release|Any CPU
		{12A11484-6F97-4020-85CB-B651129CC242}.Release|Any CPU.Build.0 = Release|Any CPU
		{248F0187-E484-4555-82C1-E173B56655A6}.Debug|Any CPU.ActiveCfg = Debug|Any CPU
		{248F0187-E484-4555-82C1-E173B56655A6}.Debug|Any CPU.Build.0 = Debug|Any CPU
		{248F0187-E484-4555-82C1-E173B56655A6}.Release|Any CPU.ActiveCfg = Release|Any CPU
		{248F0187-E484-4555-82C1-E173B56655A6}.Release|Any CPU.Build.0 = Release|Any CPU
	EndGlobalSection
	GlobalSection(SolutionProperties) = preSolution
		HideSolutionNode = FALSE
	EndGlobalSection
	GlobalSection(ExtensibilityGlobals) = postSolution
		SolutionGuid = {9B579E37-088D-4703-9648-52B876A77D4D}
	EndGlobalSection
EndGlobal
